
Microsoft Visual Studio Solution File, Format Version 12.00
# Visual Studio Version 16
VisualStudioVersion = 16.0.31005.135
MinimumVisualStudioVersion = 10.0.40219.1
Project("{FAE04EC0-301F-11D3-BF4B-00C04F79EFBC}") = "SyntaxSugarExercise", "SyntaxSugarExercise\SyntaxSugarExercise.csproj", "{83C59B23-68E3-4B04-A282-71795F7B7D29}"
EndProject
Global
	GlobalSection(SolutionConfigurationPlatforms) = preSolution
		Debug|Any CPU = Debug|Any CPU
		Release|Any CPU = Release|Any CPU
	EndGlobalSection
	GlobalSection(ProjectConfigurationPlatforms) = postSolution
		{83C59B23-68E3-4B04-A282-71795F7B7D29}.Debug|Any CPU.ActiveCfg = Debug|Any CPU
		{83C59B23-68E3-4B04-A282-71795F7B7D29}.Debug|Any CPU.Build.0 = Debug|Any CPU
		{83C59B23-68E3-4B04-A282-71795F7B7D29}.Release|Any CPU.ActiveCfg = Release|Any CPU
		{83C59B23-68E3-4B04-A282-71795F7B7D29}.Release|Any CPU.Build.0 = Release|Any CPU
	EndGlobalSection
	GlobalSection(SolutionProperties) = preSolution
		HideSolutionNode = FALSE
	EndGlobalSection
	GlobalSection(ExtensibilityGlobals) = postSolution
		SolutionGuid = {31175D20-C76E-4AC0-82F9-43E8E5C1F6D9}
	EndGlobalSection
EndGlobal
